// !$*UTF8*$!
{
	archiveVersion = 1;
	classes = {
	};
	objectVersion = 56;
	objects = {

/* Begin PBXBuildFile section */
		490848572A5D28C800F0F43B /* ColorPallete.swift in Sources */ = {isa = PBXBuildFile; fileRef = 490848562A5D28C800F0F43B /* ColorPallete.swift */; };
		490848592A5D414B00F0F43B /* ColorExtension.swift in Sources */ = {isa = PBXBuildFile; fileRef = 490848582A5D414B00F0F43B /* ColorExtension.swift */; };
		4908485C2A5D60DF00F0F43B /* Image.xcassets in Resources */ = {isa = PBXBuildFile; fileRef = 4908485B2A5D60DF00F0F43B /* Image.xcassets */; };
		490848662A5D672400F0F43B /* CustomButton.swift in Sources */ = {isa = PBXBuildFile; fileRef = 490848652A5D672400F0F43B /* CustomButton.swift */; };
		491732C42A5A884700C178E6 /* MessengerCloneApp.swift in Sources */ = {isa = PBXBuildFile; fileRef = 491732C32A5A884700C178E6 /* MessengerCloneApp.swift */; };
		491732C62A5A884700C178E6 /* ContentView.swift in Sources */ = {isa = PBXBuildFile; fileRef = 491732C52A5A884700C178E6 /* ContentView.swift */; };
		491732C82A5A884900C178E6 /* Color.xcassets in Resources */ = {isa = PBXBuildFile; fileRef = 491732C72A5A884900C178E6 /* Color.xcassets */; };
		491732CB2A5A884900C178E6 /* Preview Assets.xcassets in Resources */ = {isa = PBXBuildFile; fileRef = 491732CA2A5A884900C178E6 /* Preview Assets.xcassets */; };
		491732DB2A5AA14800C178E6 /* LoginView.swift in Sources */ = {isa = PBXBuildFile; fileRef = 491732DA2A5AA14800C178E6 /* LoginView.swift */; };
		491732DE2A5AAEBE00C178E6 /* Image.swift in Sources */ = {isa = PBXBuildFile; fileRef = 491732DD2A5AAEBE00C178E6 /* Image.swift */; };
		491732E02A5AD7C600C178E6 /* ViewExtension.swift in Sources */ = {isa = PBXBuildFile; fileRef = 491732DF2A5AD7C600C178E6 /* ViewExtension.swift */; };
		49B8DD892A5E6B2000CA7822 /* TextButton.swift in Sources */ = {isa = PBXBuildFile; fileRef = 49B8DD882A5E6B2000CA7822 /* TextButton.swift */; };
		49B8DD8D2A5E80E900CA7822 /* CustomButtonStyle.swift in Sources */ = {isa = PBXBuildFile; fileRef = 49B8DD8C2A5E80E900CA7822 /* CustomButtonStyle.swift */; };
		49B8DD902A5EBD8E00CA7822 /* CustomTextField.swift in Sources */ = {isa = PBXBuildFile; fileRef = 49B8DD8F2A5EBD8E00CA7822 /* CustomTextField.swift */; };
		49B8DD932A5EC96E00CA7822 /* FirstTextField.swift in Sources */ = {isa = PBXBuildFile; fileRef = 49B8DD922A5EC96E00CA7822 /* FirstTextField.swift */; };
/* End PBXBuildFile section */

/* Begin PBXFileReference section */
		490848562A5D28C800F0F43B /* ColorPallete.swift */ = {isa = PBXFileReference; lastKnownFileType = sourcecode.swift; path = ColorPallete.swift; sourceTree = "<group>"; };
		490848582A5D414B00F0F43B /* ColorExtension.swift */ = {isa = PBXFileReference; lastKnownFileType = sourcecode.swift; path = ColorExtension.swift; sourceTree = "<group>"; };
		4908485B2A5D60DF00F0F43B /* Image.xcassets */ = {isa = PBXFileReference; lastKnownFileType = folder.assetcatalog; path = Image.xcassets; sourceTree = "<group>"; };
		490848652A5D672400F0F43B /* CustomButton.swift */ = {isa = PBXFileReference; lastKnownFileType = sourcecode.swift; path = CustomButton.swift; sourceTree = "<group>"; };
		491732C02A5A884700C178E6 /* MessengerClone.app */ = {isa = PBXFileReference; explicitFileType = wrapper.application; includeInIndex = 0; path = MessengerClone.app; sourceTree = BUILT_PRODUCTS_DIR; };
		491732C32A5A884700C178E6 /* MessengerCloneApp.swift */ = {isa = PBXFileReference; lastKnownFileType = sourcecode.swift; path = MessengerCloneApp.swift; sourceTree = "<group>"; };
		491732C52A5A884700C178E6 /* ContentView.swift */ = {isa = PBXFileReference; lastKnownFileType = sourcecode.swift; path = ContentView.swift; sourceTree = "<group>"; };
		491732C72A5A884900C178E6 /* Color.xcassets */ = {isa = PBXFileReference; lastKnownFileType = folder.assetcatalog; path = Color.xcassets; sourceTree = "<group>"; };
		491732CA2A5A884900C178E6 /* Preview Assets.xcassets */ = {isa = PBXFileReference; lastKnownFileType = folder.assetcatalog; path = "Preview Assets.xcassets"; sourceTree = "<group>"; };
		491732DA2A5AA14800C178E6 /* LoginView.swift */ = {isa = PBXFileReference; lastKnownFileType = sourcecode.swift; path = LoginView.swift; sourceTree = "<group>"; };
		491732DD2A5AAEBE00C178E6 /* Image.swift */ = {isa = PBXFileReference; lastKnownFileType = sourcecode.swift; path = Image.swift; sourceTree = "<group>"; };
		491732DF2A5AD7C600C178E6 /* ViewExtension.swift */ = {isa = PBXFileReference; lastKnownFileType = sourcecode.swift; path = ViewExtension.swift; sourceTree = "<group>"; };
		49B8DD882A5E6B2000CA7822 /* TextButton.swift */ = {isa = PBXFileReference; lastKnownFileType = sourcecode.swift; path = TextButton.swift; sourceTree = "<group>"; };
		49B8DD8C2A5E80E900CA7822 /* CustomButtonStyle.swift */ = {isa = PBXFileReference; lastKnownFileType = sourcecode.swift; path = CustomButtonStyle.swift; sourceTree = "<group>"; };
		49B8DD8F2A5EBD8E00CA7822 /* CustomTextField.swift */ = {isa = PBXFileReference; lastKnownFileType = sourcecode.swift; path = CustomTextField.swift; sourceTree = "<group>"; };
		49B8DD922A5EC96E00CA7822 /* FirstTextField.swift */ = {isa = PBXFileReference; lastKnownFileType = sourcecode.swift; path = FirstTextField.swift; sourceTree = "<group>"; };
/* End PBXFileReference section */

/* Begin PBXFrameworksBuildPhase section */
		491732BD2A5A884700C178E6 /* Frameworks */ = {
			isa = PBXFrameworksBuildPhase;
			buildActionMask = 2147483647;
			files = (
			);
			runOnlyForDeploymentPostprocessing = 0;
		};
/* End PBXFrameworksBuildPhase section */

/* Begin PBXGroup section */
		4908485A2A5D608F00F0F43B /* Resources */ = {
			isa = PBXGroup;
			children = (
				490848612A5D648600F0F43B /* Colors */,
				490848602A5D647600F0F43B /* Images */,
			);
			path = Resources;
			sourceTree = "<group>";
		};
		490848602A5D647600F0F43B /* Images */ = {
			isa = PBXGroup;
			children = (
				4908485B2A5D60DF00F0F43B /* Image.xcassets */,
			);
			path = Images;
			sourceTree = "<group>";
		};
		490848612A5D648600F0F43B /* Colors */ = {
			isa = PBXGroup;
			children = (
				491732C72A5A884900C178E6 /* Color.xcassets */,
			);
			path = Colors;
			sourceTree = "<group>";
		};
		490848622A5D66B900F0F43B /* Component */ = {
			isa = PBXGroup;
			children = (
				49B8DD8E2A5EBD6800CA7822 /* CustomTextField */,
				490848632A5D670200F0F43B /* CustomButtom */,
			);
			path = Component;
			sourceTree = "<group>";
		};
		490848632A5D670200F0F43B /* CustomButtom */ = {
			isa = PBXGroup;
			children = (
				490848652A5D672400F0F43B /* CustomButton.swift */,
				490848642A5D670D00F0F43B /* ButtonVariant */,
			);
			path = CustomButtom;
			sourceTree = "<group>";
		};
		490848642A5D670D00F0F43B /* ButtonVariant */ = {
			isa = PBXGroup;
			children = (
				49B8DD882A5E6B2000CA7822 /* TextButton.swift */,
			);
			path = ButtonVariant;
			sourceTree = "<group>";
		};
		491732B72A5A884700C178E6 = {
			isa = PBXGroup;
			children = (
				491732C22A5A884700C178E6 /* MessengerClone */,
				491732C12A5A884700C178E6 /* Products */,
			);
			sourceTree = "<group>";
		};
		491732C12A5A884700C178E6 /* Products */ = {
			isa = PBXGroup;
			children = (
				491732C02A5A884700C178E6 /* MessengerClone.app */,
			);
			name = Products;
			sourceTree = "<group>";
		};
		491732C22A5A884700C178E6 /* MessengerClone */ = {
			isa = PBXGroup;
			children = (
				49B8DD8A2A5E80B700CA7822 /* StyleGuide */,
				4908485A2A5D608F00F0F43B /* Resources */,
				491732DC2A5AAE9E00C178E6 /* Asset */,
				491732D52A5A9FE700C178E6 /* App */,
				491732D42A5A9FE200C178E6 /* Core */,
				491732D32A5A9FD700C178E6 /* Model */,
				491732D12A5A9FC200C178E6 /* Service */,
				491732D62A5AA01D00C178E6 /* Extensions */,
				491732C92A5A884900C178E6 /* Preview Content */,
			);
			path = MessengerClone;
			sourceTree = "<group>";
		};
		491732C92A5A884900C178E6 /* Preview Content */ = {
			isa = PBXGroup;
			children = (
				491732CA2A5A884900C178E6 /* Preview Assets.xcassets */,
			);
			path = "Preview Content";
			sourceTree = "<group>";
		};
		491732D12A5A9FC200C178E6 /* Service */ = {
			isa = PBXGroup;
			children = (
			);
			path = Service;
			sourceTree = "<group>";
		};
		491732D32A5A9FD700C178E6 /* Model */ = {
			isa = PBXGroup;
			children = (
			);
			path = Model;
			sourceTree = "<group>";
		};
		491732D42A5A9FE200C178E6 /* Core */ = {
			isa = PBXGroup;
			children = (
				490848622A5D66B900F0F43B /* Component */,
				491732D82A5AA0F000C178E6 /* Authentication */,
				491732D72A5AA0EF00C178E6 /* Root */,
			);
			path = Core;
			sourceTree = "<group>";
		};
		491732D52A5A9FE700C178E6 /* App */ = {
			isa = PBXGroup;
			children = (
				491732C32A5A884700C178E6 /* MessengerCloneApp.swift */,
			);
			path = App;
			sourceTree = "<group>";
		};
		491732D62A5AA01D00C178E6 /* Extensions */ = {
			isa = PBXGroup;
			children = (
				491732DF2A5AD7C600C178E6 /* ViewExtension.swift */,
				490848582A5D414B00F0F43B /* ColorExtension.swift */,
			);
			path = Extensions;
			sourceTree = "<group>";
		};
		491732D72A5AA0EF00C178E6 /* Root */ = {
			isa = PBXGroup;
			children = (
				491732C52A5A884700C178E6 /* ContentView.swift */,
			);
			path = Root;
			sourceTree = "<group>";
		};
		491732D82A5AA0F000C178E6 /* Authentication */ = {
			isa = PBXGroup;
			children = (
				491732D92A5AA13100C178E6 /* View */,
			);
			name = Authentication;
			path = "New Group/Authentication";
			sourceTree = "<group>";
		};
		491732D92A5AA13100C178E6 /* View */ = {
			isa = PBXGroup;
			children = (
				491732DA2A5AA14800C178E6 /* LoginView.swift */,
			);
			path = View;
			sourceTree = "<group>";
		};
		491732DC2A5AAE9E00C178E6 /* Asset */ = {
			isa = PBXGroup;
			children = (
				491732DD2A5AAEBE00C178E6 /* Image.swift */,
				490848562A5D28C800F0F43B /* ColorPallete.swift */,
			);
			path = Asset;
			sourceTree = "<group>";
		};
		49B8DD8A2A5E80B700CA7822 /* StyleGuide */ = {
			isa = PBXGroup;
			children = (
				49B8DD8B2A5E80C700CA7822 /* CustomButtonStyle */,
			);
			path = StyleGuide;
			sourceTree = "<group>";
		};
		49B8DD8B2A5E80C700CA7822 /* CustomButtonStyle */ = {
			isa = PBXGroup;
			children = (
				49B8DD8C2A5E80E900CA7822 /* CustomButtonStyle.swift */,
			);
			path = CustomButtonStyle;
			sourceTree = "<group>";
		};
		49B8DD8E2A5EBD6800CA7822 /* CustomTextField */ = {
			isa = PBXGroup;
			children = (
				49B8DD912A5EC94900CA7822 /* TextFieldVariant */,
				49B8DD8F2A5EBD8E00CA7822 /* CustomTextField.swift */,
			);
			path = CustomTextField;
			sourceTree = "<group>";
		};
		49B8DD912A5EC94900CA7822 /* TextFieldVariant */ = {
			isa = PBXGroup;
			children = (
				49B8DD922A5EC96E00CA7822 /* FirstTextField.swift */,
			);
			path = TextFieldVariant;
			sourceTree = "<group>";
		};
/* End PBXGroup section */

/* Begin PBXNativeTarget section */
		491732BF2A5A884700C178E6 /* MessengerClone */ = {
			isa = PBXNativeTarget;
			buildConfigurationList = 491732CE2A5A884900C178E6 /* Build configuration list for PBXNativeTarget "MessengerClone" */;
			buildPhases = (
				491732BC2A5A884700C178E6 /* Sources */,
				491732BD2A5A884700C178E6 /* Frameworks */,
				491732BE2A5A884700C178E6 /* Resources */,
			);
			buildRules = (
			);
			dependencies = (
			);
			name = MessengerClone;
			productName = MessengerClone;
			productReference = 491732C02A5A884700C178E6 /* MessengerClone.app */;
			productType = "com.apple.product-type.application";
		};
/* End PBXNativeTarget section */

/* Begin PBXProject section */
		491732B82A5A884700C178E6 /* Project object */ = {
			isa = PBXProject;
			attributes = {
				BuildIndependentTargetsInParallel = 1;
				LastSwiftUpdateCheck = 1420;
				LastUpgradeCheck = 1420;
				TargetAttributes = {
					491732BF2A5A884700C178E6 = {
						CreatedOnToolsVersion = 14.2;
					};
				};
			};
			buildConfigurationList = 491732BB2A5A884700C178E6 /* Build configuration list for PBXProject "MessengerClone" */;
			compatibilityVersion = "Xcode 14.0";
			developmentRegion = en;
			hasScannedForEncodings = 0;
			knownRegions = (
				en,
				Base,
			);
			mainGroup = 491732B72A5A884700C178E6;
			productRefGroup = 491732C12A5A884700C178E6 /* Products */;
			projectDirPath = "";
			projectRoot = "";
			targets = (
				491732BF2A5A884700C178E6 /* MessengerClone */,
			);
		};
/* End PBXProject section */

/* Begin PBXResourcesBuildPhase section */
		491732BE2A5A884700C178E6 /* Resources */ = {
			isa = PBXResourcesBuildPhase;
			buildActionMask = 2147483647;
			files = (
				491732CB2A5A884900C178E6 /* Preview Assets.xcassets in Resources */,
				4908485C2A5D60DF00F0F43B /* Image.xcassets in Resources */,
				491732C82A5A884900C178E6 /* Color.xcassets in Resources */,
			);
			runOnlyForDeploymentPostprocessing = 0;
		};
/* End PBXResourcesBuildPhase section */

/* Begin PBXSourcesBuildPhase section */
		491732BC2A5A884700C178E6 /* Sources */ = {
			isa = PBXSourcesBuildPhase;
			buildActionMask = 2147483647;
			files = (
				491732DB2A5AA14800C178E6 /* LoginView.swift in Sources */,
				49B8DD902A5EBD8E00CA7822 /* CustomTextField.swift in Sources */,
				491732DE2A5AAEBE00C178E6 /* Image.swift in Sources */,
				49B8DD8D2A5E80E900CA7822 /* CustomButtonStyle.swift in Sources */,
				491732C62A5A884700C178E6 /* ContentView.swift in Sources */,
				490848572A5D28C800F0F43B /* ColorPallete.swift in Sources */,
				490848662A5D672400F0F43B /* CustomButton.swift in Sources */,
				491732C42A5A884700C178E6 /* MessengerCloneApp.swift in Sources */,
				49B8DD932A5EC96E00CA7822 /* FirstTextField.swift in Sources */,
				49B8DD892A5E6B2000CA7822 /* TextButton.swift in Sources */,
				490848592A5D414B00F0F43B /* ColorExtension.swift in Sources */,
				491732E02A5AD7C600C178E6 /* ViewExtension.swift in Sources */,
			);
			runOnlyForDeploymentPostprocessing = 0;
		};
/* End PBXSourcesBuildPhase section */

/* Begin XCBuildConfiguration section */
		491732CC2A5A884900C178E6 /* Debug */ = {
			isa = XCBuildConfiguration;
			buildSettings = {
				ALWAYS_SEARCH_USER_PATHS = NO;
				CLANG_ANALYZER_NONNULL = YES;
				CLANG_ANALYZER_NUMBER_OBJECT_CONVERSION = YES_AGGRESSIVE;
				CLANG_CXX_LANGUAGE_STANDARD = "gnu++20";
				CLANG_ENABLE_MODULES = YES;
				CLANG_ENABLE_OBJC_ARC = YES;
				CLANG_ENABLE_OBJC_WEAK = YES;
				CLANG_WARN_BLOCK_CAPTURE_AUTORELEASING = YES;
				CLANG_WARN_BOOL_CONVERSION = YES;
				CLANG_WARN_COMMA = YES;
				CLANG_WARN_CONSTANT_CONVERSION = YES;
				CLANG_WARN_DEPRECATED_OBJC_IMPLEMENTATIONS = YES;
				CLANG_WARN_DIRECT_OBJC_ISA_USAGE = YES_ERROR;
				CLANG_WARN_DOCUMENTATION_COMMENTS = YES;
				CLANG_WARN_EMPTY_BODY = YES;
				CLANG_WARN_ENUM_CONVERSION = YES;
				CLANG_WARN_INFINITE_RECURSION = YES;
				CLANG_WARN_INT_CONVERSION = YES;
				CLANG_WARN_NON_LITERAL_NULL_CONVERSION = YES;
				CLANG_WARN_OBJC_IMPLICIT_RETAIN_SELF = YES;
				CLANG_WARN_OBJC_LITERAL_CONVERSION = YES;
				CLANG_WARN_OBJC_ROOT_CLASS = YES_ERROR;
				CLANG_WARN_QUOTED_INCLUDE_IN_FRAMEWORK_HEADER = YES;
				CLANG_WARN_RANGE_LOOP_ANALYSIS = YES;
				CLANG_WARN_STRICT_PROTOTYPES = YES;
				CLANG_WARN_SUSPICIOUS_MOVE = YES;
				CLANG_WARN_UNGUARDED_AVAILABILITY = YES_AGGRESSIVE;
				CLANG_WARN_UNREACHABLE_CODE = YES;
				CLANG_WARN__DUPLICATE_METHOD_MATCH = YES;
				COPY_PHASE_STRIP = NO;
				DEBUG_INFORMATION_FORMAT = dwarf;
				ENABLE_STRICT_OBJC_MSGSEND = YES;
				ENABLE_TESTABILITY = YES;
				GCC_C_LANGUAGE_STANDARD = gnu11;
				GCC_DYNAMIC_NO_PIC = NO;
				GCC_NO_COMMON_BLOCKS = YES;
				GCC_OPTIMIZATION_LEVEL = 0;
				GCC_PREPROCESSOR_DEFINITIONS = (
					"DEBUG=1",
					"$(inherited)",
				);
				GCC_WARN_64_TO_32_BIT_CONVERSION = YES;
				GCC_WARN_ABOUT_RETURN_TYPE = YES_ERROR;
				GCC_WARN_UNDECLARED_SELECTOR = YES;
				GCC_WARN_UNINITIALIZED_AUTOS = YES_AGGRESSIVE;
				GCC_WARN_UNUSED_FUNCTION = YES;
				GCC_WARN_UNUSED_VARIABLE = YES;
				IPHONEOS_DEPLOYMENT_TARGET = 16.2;
				MTL_ENABLE_DEBUG_INFO = INCLUDE_SOURCE;
				MTL_FAST_MATH = YES;
				ONLY_ACTIVE_ARCH = YES;
				SDKROOT = iphoneos;
				SWIFT_ACTIVE_COMPILATION_CONDITIONS = DEBUG;
				SWIFT_OPTIMIZATION_LEVEL = "-Onone";
			};
			name = Debug;
		};
		491732CD2A5A884900C178E6 /* Release */ = {
			isa = XCBuildConfiguration;
			buildSettings = {
				ALWAYS_SEARCH_USER_PATHS = NO;
				CLANG_ANALYZER_NONNULL = YES;
				CLANG_ANALYZER_NUMBER_OBJECT_CONVERSION = YES_AGGRESSIVE;
				CLANG_CXX_LANGUAGE_STANDARD = "gnu++20";
				CLANG_ENABLE_MODULES = YES;
				CLANG_ENABLE_OBJC_ARC = YES;
				CLANG_ENABLE_OBJC_WEAK = YES;
				CLANG_WARN_BLOCK_CAPTURE_AUTORELEASING = YES;
				CLANG_WARN_BOOL_CONVERSION = YES;
				CLANG_WARN_COMMA = YES;
				CLANG_WARN_CONSTANT_CONVERSION = YES;
				CLANG_WARN_DEPRECATED_OBJC_IMPLEMENTATIONS = YES;
				CLANG_WARN_DIRECT_OBJC_ISA_USAGE = YES_ERROR;
				CLANG_WARN_DOCUMENTATION_COMMENTS = YES;
				CLANG_WARN_EMPTY_BODY = YES;
				CLANG_WARN_ENUM_CONVERSION = YES;
				CLANG_WARN_INFINITE_RECURSION = YES;
				CLANG_WARN_INT_CONVERSION = YES;
				CLANG_WARN_NON_LITERAL_NULL_CONVERSION = YES;
				CLANG_WARN_OBJC_IMPLICIT_RETAIN_SELF = YES;
				CLANG_WARN_OBJC_LITERAL_CONVERSION = YES;
				CLANG_WARN_OBJC_ROOT_CLASS = YES_ERROR;
				CLANG_WARN_QUOTED_INCLUDE_IN_FRAMEWORK_HEADER = YES;
				CLANG_WARN_RANGE_LOOP_ANALYSIS = YES;
				CLANG_WARN_STRICT_PROTOTYPES = YES;
				CLANG_WARN_SUSPICIOUS_MOVE = YES;
				CLANG_WARN_UNGUARDED_AVAILABILITY = YES_AGGRESSIVE;
				CLANG_WARN_UNREACHABLE_CODE = YES;
				CLANG_WARN__DUPLICATE_METHOD_MATCH = YES;
				COPY_PHASE_STRIP = NO;
				DEBUG_INFORMATION_FORMAT = "dwarf-with-dsym";
				ENABLE_NS_ASSERTIONS = NO;
				ENABLE_STRICT_OBJC_MSGSEND = YES;
				GCC_C_LANGUAGE_STANDARD = gnu11;
				GCC_NO_COMMON_BLOCKS = YES;
				GCC_WARN_64_TO_32_BIT_CONVERSION = YES;
				GCC_WARN_ABOUT_RETURN_TYPE = YES_ERROR;
				GCC_WARN_UNDECLARED_SELECTOR = YES;
				GCC_WARN_UNINITIALIZED_AUTOS = YES_AGGRESSIVE;
				GCC_WARN_UNUSED_FUNCTION = YES;
				GCC_WARN_UNUSED_VARIABLE = YES;
				IPHONEOS_DEPLOYMENT_TARGET = 16.2;
				MTL_ENABLE_DEBUG_INFO = NO;
				MTL_FAST_MATH = YES;
				SDKROOT = iphoneos;
				SWIFT_COMPILATION_MODE = wholemodule;
				SWIFT_OPTIMIZATION_LEVEL = "-O";
				VALIDATE_PRODUCT = YES;
			};
			name = Release;
		};
		491732CF2A5A884900C178E6 /* Debug */ = {
			isa = XCBuildConfiguration;
			buildSettings = {
				ASSETCATALOG_COMPILER_APPICON_NAME = AppIcon;
				ASSETCATALOG_COMPILER_GLOBAL_ACCENT_COLOR_NAME = AccentColor;
				CODE_SIGN_STYLE = Automatic;
				CURRENT_PROJECT_VERSION = 1;
				DEVELOPMENT_ASSET_PATHS = "\"MessengerClone/Preview Content\"";
				DEVELOPMENT_TEAM = 4NLANVU2F2;
				ENABLE_PREVIEWS = YES;
				GENERATE_INFOPLIST_FILE = YES;
				INFOPLIST_KEY_UIApplicationSceneManifest_Generation = YES;
				INFOPLIST_KEY_UIApplicationSupportsIndirectInputEvents = YES;
				INFOPLIST_KEY_UILaunchScreen_Generation = YES;
				INFOPLIST_KEY_UISupportedInterfaceOrientations_iPad = "UIInterfaceOrientationPortrait UIInterfaceOrientationPortraitUpsideDown UIInterfaceOrientationLandscapeLeft UIInterfaceOrientationLandscapeRight";
				INFOPLIST_KEY_UISupportedInterfaceOrientations_iPhone = "UIInterfaceOrientationPortrait UIInterfaceOrientationLandscapeLeft UIInterfaceOrientationLandscapeRight";
				LD_RUNPATH_SEARCH_PATHS = (
					"$(inherited)",
					"@executable_path/Frameworks",
				);
				MARKETING_VERSION = 1.0;
				PRODUCT_BUNDLE_IDENTIFIER = com.towhid.swift.MessengerClone;
				PRODUCT_NAME = "$(TARGET_NAME)";
				SWIFT_EMIT_LOC_STRINGS = YES;
				SWIFT_VERSION = 5.0;
				TARGETED_DEVICE_FAMILY = "1,2";
			};
			name = Debug;
		};
		491732D02A5A884900C178E6 /* Release */ = {
			isa = XCBuildConfiguration;
			buildSettings = {
				ASSETCATALOG_COMPILER_APPICON_NAME = AppIcon;
				ASSETCATALOG_COMPILER_GLOBAL_ACCENT_COLOR_NAME = AccentColor;
				CODE_SIGN_STYLE = Automatic;
				CURRENT_PROJECT_VERSION = 1;
				DEVELOPMENT_ASSET_PATHS = "\"MessengerClone/Preview Content\"";
				DEVELOPMENT_TEAM = 4NLANVU2F2;
				ENABLE_PREVIEWS = YES;
				GENERATE_INFOPLIST_FILE = YES;
				INFOPLIST_KEY_UIApplicationSceneManifest_Generation = YES;
				INFOPLIST_KEY_UIApplicationSupportsIndirectInputEvents = YES;
				INFOPLIST_KEY_UILaunchScreen_Generation = YES;
				INFOPLIST_KEY_UISupportedInterfaceOrientations_iPad = "UIInterfaceOrientationPortrait UIInterfaceOrientationPortraitUpsideDown UIInterfaceOrientationLandscapeLeft UIInterfaceOrientationLandscapeRight";
				INFOPLIST_KEY_UISupportedInterfaceOrientations_iPhone = "UIInterfaceOrientationPortrait UIInterfaceOrientationLandscapeLeft UIInterfaceOrientationLandscapeRight";
				LD_RUNPATH_SEARCH_PATHS = (
					"$(inherited)",
					"@executable_path/Frameworks",
				);
				MARKETING_VERSION = 1.0;
				PRODUCT_BUNDLE_IDENTIFIER = com.towhid.swift.MessengerClone;
				PRODUCT_NAME = "$(TARGET_NAME)";
				SWIFT_EMIT_LOC_STRINGS = YES;
				SWIFT_VERSION = 5.0;
				TARGETED_DEVICE_FAMILY = "1,2";
			};
			name = Release;
		};
/* End XCBuildConfiguration section */

/* Begin XCConfigurationList section */
		491732BB2A5A884700C178E6 /* Build configuration list for PBXProject "MessengerClone" */ = {
			isa = XCConfigurationList;
			buildConfigurations = (
				491732CC2A5A884900C178E6 /* Debug */,
				491732CD2A5A884900C178E6 /* Release */,
			);
			defaultConfigurationIsVisible = 0;
			defaultConfigurationName = Release;
		};
		491732CE2A5A884900C178E6 /* Build configuration list for PBXNativeTarget "MessengerClone" */ = {
			isa = XCConfigurationList;
			buildConfigurations = (
				491732CF2A5A884900C178E6 /* Debug */,
				491732D02A5A884900C178E6 /* Release */,
			);
			defaultConfigurationIsVisible = 0;
			defaultConfigurationName = Release;
		};
/* End XCConfigurationList section */
	};
	rootObject = 491732B82A5A884700C178E6 /* Project object */;
}
